
Microsoft Visual Studio Solution File, Format Version 12.00
# Visual Studio Version 17
VisualStudioVersion = 17.4.33213.308
MinimumVisualStudioVersion = 10.0.40219.1
Project("{FAE04EC0-301F-11D3-BF4B-00C04F79EFBC}") = "HC_7572", "HC_7572\HC_7572.csproj", "{EDDD0E1C-BF1A-41A2-B6AD-E9543BF0E71E}"
EndProject
Global
	GlobalSection(SolutionConfigurationPlatforms) = preSolution
		Debug|Any CPU = Debug|Any CPU
		Release|Any CPU = Release|Any CPU
	EndGlobalSection
	GlobalSection(ProjectConfigurationPlatforms) = postSolution
		{EDDD0E1C-BF1A-41A2-B6AD-E9543BF0E71E}.Debug|Any CPU.ActiveCfg = Debug|Any CPU
		{EDDD0E1C-BF1A-41A2-B6AD-E9543BF0E71E}.Debug|Any CPU.Build.0 = Debug|Any CPU
		{EDDD0E1C-BF1A-41A2-B6AD-E9543BF0E71E}.Release|Any CPU.ActiveCfg = Release|Any CPU
		{EDDD0E1C-BF1A-41A2-B6AD-E9543BF0E71E}.Release|Any CPU.Build.0 = Release|Any CPU
	EndGlobalSection
	GlobalSection(SolutionProperties) = preSolution
		HideSolutionNode = FALSE
	EndGlobalSection
	GlobalSection(ExtensibilityGlobals) = postSolution
		SolutionGuid = {041C563C-3AA8-45AD-B983-A2A9AF467649}
	EndGlobalSection
EndGlobal
